Microsoft Visual Studio Solution File, Format Version 9.00
# Visual Studio 2005
Project("{8BC9CEB8-8B4A-11D0-8D11-00A0C91BC942}") = "exodus_cli", "cli\src\exodus_cli2005.vcproj", "{697DB7F7-1C90-4F75-B3D9-727A78A7CCB0}"
	ProjectSection(WebsiteProperties) = preProject
		Debug.AspNetCompiler.Debug = "True"
		Release.AspNetCompiler.Debug = "False"
	EndProjectSection
EndProject
Project("{8BC9CEB8-8B4A-11D0-8D11-00A0C91BC942}") = "exodus", "exodus\exodus\exodus\exodus2005.vcproj", "{8963EB1B-97D5-47C0-BF00-8F9B828B3139}"
	ProjectSection(WebsiteProperties) = preProject
		Debug.AspNetCompiler.Debug = "True"
		Release.AspNetCompiler.Debug = "False"
	EndProjectSection
EndProject
Project("{8BC9CEB8-8B4A-11D0-8D11-00A0C91BC942}") = "pgexodus", "exodus\pgexodus\src\pgexodus2005.vcproj", "{E5B50A75-57BB-41E4-8BBD-B2D58D80155C}"
	ProjectSection(WebsiteProperties) = preProject
		Debug.AspNetCompiler.Debug = "True"
		Release.AspNetCompiler.Debug = "False"
	EndProjectSection
EndProject
Project("{8BC9CEB8-8B4A-11D0-8D11-00A0C91BC942}") = "testmain", "test\src\testmain2005.vcproj", "{237FFD63-8F9A-4101-B98B-0EE8162345E9}"
	ProjectSection(WebsiteProperties) = preProject
		Debug.AspNetCompiler.Debug = "True"
		Release.AspNetCompiler.Debug = "False"
	EndProjectSection
EndProject
Global
	GlobalSection(SolutionConfigurationPlatforms) = preSolution
		Debug|Any CPU = Debug|Any CPU
		Debug|Mixed Platforms = Debug|Mixed Platforms
		Debug|Win32 = Debug|Win32
		Release|Any CPU = Release|Any CPU
		Release|Mixed Platforms = Release|Mixed Platforms
		Release|Win32 = Release|Win32
	EndGlobalSection
	GlobalSection(ProjectConfigurationPlatforms) = postSolution
		{697DB7F7-1C90-4F75-B3D9-727A78A7CCB0}.Debug|Any CPU.ActiveCfg = Debug|Win32
		{697DB7F7-1C90-4F75-B3D9-727A78A7CCB0}.Debug|Mixed Platforms.ActiveCfg = Debug|Win32
		{697DB7F7-1C90-4F75-B3D9-727A78A7CCB0}.Debug|Mixed Platforms.Build.0 = Debug|Win32
		{697DB7F7-1C90-4F75-B3D9-727A78A7CCB0}.Debug|Win32.ActiveCfg = Debug|Win32
		{697DB7F7-1C90-4F75-B3D9-727A78A7CCB0}.Debug|Win32.Build.0 = Debug|Win32
		{697DB7F7-1C90-4F75-B3D9-727A78A7CCB0}.Release|Any CPU.ActiveCfg = Release|Win32
		{697DB7F7-1C90-4F75-B3D9-727A78A7CCB0}.Release|Mixed Platforms.ActiveCfg = Release|Win32
		{697DB7F7-1C90-4F75-B3D9-727A78A7CCB0}.Release|Mixed Platforms.Build.0 = Release|Win32
		{697DB7F7-1C90-4F75-B3D9-727A78A7CCB0}.Release|Win32.ActiveCfg = Release|Win32
		{697DB7F7-1C90-4F75-B3D9-727A78A7CCB0}.Release|Win32.Build.0 = Release|Win32
		{8963EB1B-97D5-47C0-BF00-8F9B828B3139}.Debug|Any CPU.ActiveCfg = Debug|Win32
		{8963EB1B-97D5-47C0-BF00-8F9B828B3139}.Debug|Mixed Platforms.ActiveCfg = Debug|Win32
		{8963EB1B-97D5-47C0-BF00-8F9B828B3139}.Debug|Mixed Platforms.Build.0 = Debug|Win32
		{8963EB1B-97D5-47C0-BF00-8F9B828B3139}.Debug|Win32.ActiveCfg = Debug|Win32
		{8963EB1B-97D5-47C0-BF00-8F9B828B3139}.Debug|Win32.Build.0 = Debug|Win32
		{8963EB1B-97D5-47C0-BF00-8F9B828B3139}.Release|Any CPU.ActiveCfg = Release|Win32
		{8963EB1B-97D5-47C0-BF00-8F9B828B3139}.Release|Mixed Platforms.ActiveCfg = Release|Win32
		{8963EB1B-97D5-47C0-BF00-8F9B828B3139}.Release|Mixed Platforms.Build.0 = Release|Win32
		{8963EB1B-97D5-47C0-BF00-8F9B828B3139}.Release|Win32.ActiveCfg = Release|Win32
		{8963EB1B-97D5-47C0-BF00-8F9B828B3139}.Release|Win32.Build.0 = Release|Win32
		{E5B50A75-57BB-41E4-8BBD-B2D58D80155C}.Debug|Any CPU.ActiveCfg = Debug|Win32
		{E5B50A75-57BB-41E4-8BBD-B2D58D80155C}.Debug|Mixed Platforms.ActiveCfg = Debug|Win32
		{E5B50A75-57BB-41E4-8BBD-B2D58D80155C}.Debug|Mixed Platforms.Build.0 = Debug|Win32
		{E5B50A75-57BB-41E4-8BBD-B2D58D80155C}.Debug|Win32.ActiveCfg = Release|Win32
		{E5B50A75-57BB-41E4-8BBD-B2D58D80155C}.Debug|Win32.Build.0 = Release|Win32
		{E5B50A75-57BB-41E4-8BBD-B2D58D80155C}.Release|Any CPU.ActiveCfg = Release|Win32
		{E5B50A75-57BB-41E4-8BBD-B2D58D80155C}.Release|Mixed Platforms.ActiveCfg = Release|Win32
		{E5B50A75-57BB-41E4-8BBD-B2D58D80155C}.Release|Mixed Platforms.Build.0 = Release|Win32
		{E5B50A75-57BB-41E4-8BBD-B2D58D80155C}.Release|Win32.ActiveCfg = Release|Win32
		{E5B50A75-57BB-41E4-8BBD-B2D58D80155C}.Release|Win32.Build.0 = Release|Win32
		{237FFD63-8F9A-4101-B98B-0EE8162345E9}.Debug|Any CPU.ActiveCfg = Debug|Win32
		{237FFD63-8F9A-4101-B98B-0EE8162345E9}.Debug|Mixed Platforms.ActiveCfg = Debug|Win32
		{237FFD63-8F9A-4101-B98B-0EE8162345E9}.Debug|Mixed Platforms.Build.0 = Debug|Win32
		{237FFD63-8F9A-4101-B98B-0EE8162345E9}.Debug|Win32.ActiveCfg = Debug|Win32
		{237FFD63-8F9A-4101-B98B-0EE8162345E9}.Debug|Win32.Build.0 = Debug|Win32
		{237FFD63-8F9A-4101-B98B-0EE8162345E9}.Release|Any CPU.ActiveCfg = Release|Win32
		{237FFD63-8F9A-4101-B98B-0EE8162345E9}.Release|Mixed Platforms.ActiveCfg = Release|Win32
		{237FFD63-8F9A-4101-B98B-0EE8162345E9}.Release|Mixed Platforms.Build.0 = Release|Win32
		{237FFD63-8F9A-4101-B98B-0EE8162345E9}.Release|Win32.ActiveCfg = Release|Win32
		{237FFD63-8F9A-4101-B98B-0EE8162345E9}.Release|Win32.Build.0 = Release|Win32
	EndGlobalSection
	GlobalSection(SolutionProperties) = preSolution
		HideSolutionNode = FALSE
	EndGlobalSection
EndGlobal
