Microsoft Visual Studio Solution File, Format Version 9.00
# Visual Studio 2005
Project("{8BC9CEB8-8B4A-11D0-8D11-00A0C91BC942}") = "exodus_cli", "cli\prj\exodus_cli\exodus_cli2005.vcproj", "{697DB7F7-1C90-4F75-B3D9-727A78A7CCB0}"
	ProjectSection(WebsiteProperties) = preProject
		Debug.AspNetCompiler.Debug = "True"
		Release.AspNetCompiler.Debug = "False"
	EndProjectSection
EndProject
Project("{8BC9CEB8-8B4A-11D0-8D11-00A0C91BC942}") = "compile", "cli\prj\compile\compile2005.vcproj", "{5370265F-0888-4C89-BB23-359C88622F6F}"
	ProjectSection(WebsiteProperties) = preProject
		Debug.AspNetCompiler.Debug = "True"
		Release.AspNetCompiler.Debug = "False"
	EndProjectSection
EndProject
Project("{8BC9CEB8-8B4A-11D0-8D11-00A0C91BC942}") = "createfile", "cli\prj\createfile\createfile2005.vcproj", "{9FAE685A-9F5C-4886-9715-F3E27772E2AD}"
	ProjectSection(WebsiteProperties) = preProject
		Debug.AspNetCompiler.Debug = "True"
		Release.AspNetCompiler.Debug = "False"
	EndProjectSection
EndProject
Project("{8BC9CEB8-8B4A-11D0-8D11-00A0C91BC942}") = "createindex", "cli\prj\createindex\createindex2005.vcproj", "{CDA4B1D0-4472-472C-8B83-01FA5A4703A4}"
	ProjectSection(WebsiteProperties) = preProject
		Debug.AspNetCompiler.Debug = "True"
		Release.AspNetCompiler.Debug = "False"
	EndProjectSection
EndProject
Project("{8BC9CEB8-8B4A-11D0-8D11-00A0C91BC942}") = "delete", "cli\prj\delete\delete2005.vcproj", "{18FD3C60-9B95-41EC-996E-56E9CE269FBF}"
	ProjectSection(WebsiteProperties) = preProject
		Debug.AspNetCompiler.Debug = "True"
		Release.AspNetCompiler.Debug = "False"
	EndProjectSection
EndProject
Project("{8BC9CEB8-8B4A-11D0-8D11-00A0C91BC942}") = "deletefile", "cli\prj\deletefile\deletefile2005.vcproj", "{257042E5-7222-4978-8CDE-8A51B527C000}"
	ProjectSection(WebsiteProperties) = preProject
		Debug.AspNetCompiler.Debug = "True"
		Release.AspNetCompiler.Debug = "False"
	EndProjectSection
EndProject
Project("{8BC9CEB8-8B4A-11D0-8D11-00A0C91BC942}") = "deleteindex", "cli\prj\deleteindex\deleteindex2005.vcproj", "{7C71BC68-3261-45F7-8A28-B480603195C4}"
	ProjectSection(WebsiteProperties) = preProject
		Debug.AspNetCompiler.Debug = "True"
		Release.AspNetCompiler.Debug = "False"
	EndProjectSection
EndProject
Project("{8BC9CEB8-8B4A-11D0-8D11-00A0C91BC942}") = "edic", "cli\prj\edic\edic2005.vcproj", "{7CF1BF89-082B-4C60-8929-60F8C3266139}"
	ProjectSection(WebsiteProperties) = preProject
		Debug.AspNetCompiler.Debug = "True"
		Release.AspNetCompiler.Debug = "False"
	EndProjectSection
EndProject
Project("{8BC9CEB8-8B4A-11D0-8D11-00A0C91BC942}") = "list", "cli\prj\list\list2005.vcproj", "{BB90B226-9FC2-43EA-B837-56F2703A3D52}"
	ProjectSection(WebsiteProperties) = preProject
		Debug.AspNetCompiler.Debug = "True"
		Release.AspNetCompiler.Debug = "False"
	EndProjectSection
EndProject
Project("{8BC9CEB8-8B4A-11D0-8D11-00A0C91BC942}") = "listfiles", "cli\prj\listfiles\listfiles2005.vcproj", "{A2A0314D-E95F-4D16-8604-91EAF2E3772D}"
	ProjectSection(WebsiteProperties) = preProject
		Debug.AspNetCompiler.Debug = "True"
		Release.AspNetCompiler.Debug = "False"
	EndProjectSection
EndProject
Project("{8BC9CEB8-8B4A-11D0-8D11-00A0C91BC942}") = "listindexes", "cli\prj\listindexes\listindexes2005.vcproj", "{5EBDBCB4-541A-489A-A0BD-04127399FFC9}"
	ProjectSection(WebsiteProperties) = preProject
		Debug.AspNetCompiler.Debug = "True"
		Release.AspNetCompiler.Debug = "False"
	EndProjectSection
EndProject
Project("{8BC9CEB8-8B4A-11D0-8D11-00A0C91BC942}") = "testsort", "cli\prj\testsort\testsort2005.vcproj", "{709C530D-3803-4EF2-84F4-DAAC6A609708}"
	ProjectSection(WebsiteProperties) = preProject
		Debug.AspNetCompiler.Debug = "True"
		Release.AspNetCompiler.Debug = "False"
	EndProjectSection
EndProject
Project("{2150E333-8FDC-42A3-9474-1A3956D46DE8}") = "cli", "cli", "{98D79F5F-618F-486A-BE9F-D13CE248AAC8}"
	ProjectSection(WebsiteProperties) = preProject
		Debug.AspNetCompiler.Debug = "True"
		Release.AspNetCompiler.Debug = "False"
	EndProjectSection
EndProject
Project("{8BC9CEB8-8B4A-11D0-8D11-00A0C91BC942}") = "configexodus", "cli\prj\configexodus\configexodus2005.vcproj", "{3CA9C7D6-FC69-4D5C-B1D0-0B0A78109890}"
	ProjectSection(WebsiteProperties) = preProject
		Debug.AspNetCompiler.Debug = "True"
		Release.AspNetCompiler.Debug = "False"
	EndProjectSection
EndProject
Project("{8BC9CEB8-8B4A-11D0-8D11-00A0C91BC942}") = "edir", "cli\prj\edir\edir2005.vcproj", "{E97CCEAD-11F1-4CEE-B52D-10D7429AE622}"
	ProjectSection(WebsiteProperties) = preProject
		Debug.AspNetCompiler.Debug = "True"
		Release.AspNetCompiler.Debug = "False"
	EndProjectSection
EndProject
Project("{8BC9CEB8-8B4A-11D0-8D11-00A0C91BC942}") = "testmain", "test\src\testmain2005.vcproj", "{237FFD63-8F9A-4101-B98B-0EE8162345E9}"
	ProjectSection(WebsiteProperties) = preProject
		Debug.AspNetCompiler.Debug = "True"
		Release.AspNetCompiler.Debug = "False"
	EndProjectSection
EndProject
Project("{2150E333-8FDC-42A3-9474-1A3956D46DE8}") = "swig", "swig", "{CF23D52F-898F-40F4-BCE0-19ABEC64084C}"
EndProject
Project("{8BC9CEB8-8B4A-11D0-8D11-00A0C91BC942}") = "csharp2005", "swig\projects\csharp\csharp2005.vcproj", "{F206F39E-C1FB-40EC-8618-54C880A12AF0}"
EndProject
Project("{8BC9CEB8-8B4A-11D0-8D11-00A0C91BC942}") = "java2005", "swig\projects\java\java2005.vcproj", "{C27D3EB8-043D-45BF-9DC7-783885DAB75A}"
EndProject
Project("{8BC9CEB8-8B4A-11D0-8D11-00A0C91BC942}") = "perl2005", "swig\projects\perl\perl2005.vcproj", "{46C3E9C4-5C5F-40F0-8DC3-FEDD0D3D6A1D}"
EndProject
Project("{8BC9CEB8-8B4A-11D0-8D11-00A0C91BC942}") = "python2005", "swig\projects\python\python2005.vcproj", "{51C15B0E-DD34-4EBC-A7A7-77071EBF5BBE}"
EndProject
Project("{8BC9CEB8-8B4A-11D0-8D11-00A0C91BC942}") = "exodus", "exodus\libexodus\exodus\exodus2005.vcproj", "{8963EB1B-97D5-47C0-BF00-8F9B828B3139}"
EndProject
Project("{8BC9CEB8-8B4A-11D0-8D11-00A0C91BC942}") = "pgexodus", "exodus\libpgexodus\src\pgexodus2005.vcproj", "{E5B50A75-57BB-41E4-8BBD-B2D58D80155C}"
EndProject
Global
	GlobalSection(SolutionConfigurationPlatforms) = preSolution
		Debug|Win32 = Debug|Win32
		Debug|x64 = Debug|x64
		Release|Win32 = Release|Win32
		Release|x64 = Release|x64
	EndGlobalSection
	GlobalSection(ProjectConfigurationPlatforms) = postSolution
		{697DB7F7-1C90-4F75-B3D9-727A78A7CCB0}.Debug|Win32.ActiveCfg = Debug|Win32
		{697DB7F7-1C90-4F75-B3D9-727A78A7CCB0}.Debug|Win32.Build.0 = Debug|Win32
		{697DB7F7-1C90-4F75-B3D9-727A78A7CCB0}.Debug|x64.ActiveCfg = Debug|x64
		{697DB7F7-1C90-4F75-B3D9-727A78A7CCB0}.Debug|x64.Build.0 = Debug|x64
		{697DB7F7-1C90-4F75-B3D9-727A78A7CCB0}.Release|Win32.ActiveCfg = Release|Win32
		{697DB7F7-1C90-4F75-B3D9-727A78A7CCB0}.Release|Win32.Build.0 = Release|Win32
		{697DB7F7-1C90-4F75-B3D9-727A78A7CCB0}.Release|x64.ActiveCfg = Release|x64
		{697DB7F7-1C90-4F75-B3D9-727A78A7CCB0}.Release|x64.Build.0 = Release|x64
		{5370265F-0888-4C89-BB23-359C88622F6F}.Debug|Win32.ActiveCfg = Debug|Win32
		{5370265F-0888-4C89-BB23-359C88622F6F}.Debug|Win32.Build.0 = Debug|Win32
		{5370265F-0888-4C89-BB23-359C88622F6F}.Debug|x64.ActiveCfg = Debug|x64
		{5370265F-0888-4C89-BB23-359C88622F6F}.Debug|x64.Build.0 = Debug|x64
		{5370265F-0888-4C89-BB23-359C88622F6F}.Release|Win32.ActiveCfg = Release|Win32
		{5370265F-0888-4C89-BB23-359C88622F6F}.Release|Win32.Build.0 = Release|Win32
		{5370265F-0888-4C89-BB23-359C88622F6F}.Release|x64.ActiveCfg = Release|x64
		{5370265F-0888-4C89-BB23-359C88622F6F}.Release|x64.Build.0 = Release|x64
		{9FAE685A-9F5C-4886-9715-F3E27772E2AD}.Debug|Win32.ActiveCfg = Debug|Win32
		{9FAE685A-9F5C-4886-9715-F3E27772E2AD}.Debug|Win32.Build.0 = Debug|Win32
		{9FAE685A-9F5C-4886-9715-F3E27772E2AD}.Debug|x64.ActiveCfg = Debug|x64
		{9FAE685A-9F5C-4886-9715-F3E27772E2AD}.Debug|x64.Build.0 = Debug|x64
		{9FAE685A-9F5C-4886-9715-F3E27772E2AD}.Release|Win32.ActiveCfg = Release|Win32
		{9FAE685A-9F5C-4886-9715-F3E27772E2AD}.Release|Win32.Build.0 = Release|Win32
		{9FAE685A-9F5C-4886-9715-F3E27772E2AD}.Release|x64.ActiveCfg = Release|x64
		{9FAE685A-9F5C-4886-9715-F3E27772E2AD}.Release|x64.Build.0 = Release|x64
		{CDA4B1D0-4472-472C-8B83-01FA5A4703A4}.Debug|Win32.ActiveCfg = Debug|Win32
		{CDA4B1D0-4472-472C-8B83-01FA5A4703A4}.Debug|Win32.Build.0 = Debug|Win32
		{CDA4B1D0-4472-472C-8B83-01FA5A4703A4}.Debug|x64.ActiveCfg = Debug|x64
		{CDA4B1D0-4472-472C-8B83-01FA5A4703A4}.Debug|x64.Build.0 = Debug|x64
		{CDA4B1D0-4472-472C-8B83-01FA5A4703A4}.Release|Win32.ActiveCfg = Release|Win32
		{CDA4B1D0-4472-472C-8B83-01FA5A4703A4}.Release|Win32.Build.0 = Release|Win32
		{CDA4B1D0-4472-472C-8B83-01FA5A4703A4}.Release|x64.ActiveCfg = Release|x64
		{CDA4B1D0-4472-472C-8B83-01FA5A4703A4}.Release|x64.Build.0 = Release|x64
		{18FD3C60-9B95-41EC-996E-56E9CE269FBF}.Debug|Win32.ActiveCfg = Debug|Win32
		{18FD3C60-9B95-41EC-996E-56E9CE269FBF}.Debug|Win32.Build.0 = Debug|Win32
		{18FD3C60-9B95-41EC-996E-56E9CE269FBF}.Debug|x64.ActiveCfg = Debug|x64
		{18FD3C60-9B95-41EC-996E-56E9CE269FBF}.Debug|x64.Build.0 = Debug|x64
		{18FD3C60-9B95-41EC-996E-56E9CE269FBF}.Release|Win32.ActiveCfg = Release|Win32
		{18FD3C60-9B95-41EC-996E-56E9CE269FBF}.Release|Win32.Build.0 = Release|Win32
		{18FD3C60-9B95-41EC-996E-56E9CE269FBF}.Release|x64.ActiveCfg = Release|x64
		{18FD3C60-9B95-41EC-996E-56E9CE269FBF}.Release|x64.Build.0 = Release|x64
		{257042E5-7222-4978-8CDE-8A51B527C000}.Debug|Win32.ActiveCfg = Debug|Win32
		{257042E5-7222-4978-8CDE-8A51B527C000}.Debug|Win32.Build.0 = Debug|Win32
		{257042E5-7222-4978-8CDE-8A51B527C000}.Debug|x64.ActiveCfg = Debug|x64
		{257042E5-7222-4978-8CDE-8A51B527C000}.Debug|x64.Build.0 = Debug|x64
		{257042E5-7222-4978-8CDE-8A51B527C000}.Release|Win32.ActiveCfg = Release|Win32
		{257042E5-7222-4978-8CDE-8A51B527C000}.Release|Win32.Build.0 = Release|Win32
		{257042E5-7222-4978-8CDE-8A51B527C000}.Release|x64.ActiveCfg = Release|x64
		{257042E5-7222-4978-8CDE-8A51B527C000}.Release|x64.Build.0 = Release|x64
		{7C71BC68-3261-45F7-8A28-B480603195C4}.Debug|Win32.ActiveCfg = Debug|Win32
		{7C71BC68-3261-45F7-8A28-B480603195C4}.Debug|Win32.Build.0 = Debug|Win32
		{7C71BC68-3261-45F7-8A28-B480603195C4}.Debug|x64.ActiveCfg = Debug|x64
		{7C71BC68-3261-45F7-8A28-B480603195C4}.Debug|x64.Build.0 = Debug|x64
		{7C71BC68-3261-45F7-8A28-B480603195C4}.Release|Win32.ActiveCfg = Release|Win32
		{7C71BC68-3261-45F7-8A28-B480603195C4}.Release|Win32.Build.0 = Release|Win32
		{7C71BC68-3261-45F7-8A28-B480603195C4}.Release|x64.ActiveCfg = Release|x64
		{7C71BC68-3261-45F7-8A28-B480603195C4}.Release|x64.Build.0 = Release|x64
		{7CF1BF89-082B-4C60-8929-60F8C3266139}.Debug|Win32.ActiveCfg = Debug|Win32
		{7CF1BF89-082B-4C60-8929-60F8C3266139}.Debug|Win32.Build.0 = Debug|Win32
		{7CF1BF89-082B-4C60-8929-60F8C3266139}.Debug|x64.ActiveCfg = Debug|x64
		{7CF1BF89-082B-4C60-8929-60F8C3266139}.Debug|x64.Build.0 = Debug|x64
		{7CF1BF89-082B-4C60-8929-60F8C3266139}.Release|Win32.ActiveCfg = Release|Win32
		{7CF1BF89-082B-4C60-8929-60F8C3266139}.Release|Win32.Build.0 = Release|Win32
		{7CF1BF89-082B-4C60-8929-60F8C3266139}.Release|x64.ActiveCfg = Release|x64
		{7CF1BF89-082B-4C60-8929-60F8C3266139}.Release|x64.Build.0 = Release|x64
		{BB90B226-9FC2-43EA-B837-56F2703A3D52}.Debug|Win32.ActiveCfg = Debug|Win32
		{BB90B226-9FC2-43EA-B837-56F2703A3D52}.Debug|Win32.Build.0 = Debug|Win32
		{BB90B226-9FC2-43EA-B837-56F2703A3D52}.Debug|x64.ActiveCfg = Debug|x64
		{BB90B226-9FC2-43EA-B837-56F2703A3D52}.Debug|x64.Build.0 = Debug|x64
		{BB90B226-9FC2-43EA-B837-56F2703A3D52}.Release|Win32.ActiveCfg = Release|Win32
		{BB90B226-9FC2-43EA-B837-56F2703A3D52}.Release|Win32.Build.0 = Release|Win32
		{BB90B226-9FC2-43EA-B837-56F2703A3D52}.Release|x64.ActiveCfg = Release|x64
		{BB90B226-9FC2-43EA-B837-56F2703A3D52}.Release|x64.Build.0 = Release|x64
		{A2A0314D-E95F-4D16-8604-91EAF2E3772D}.Debug|Win32.ActiveCfg = Debug|Win32
		{A2A0314D-E95F-4D16-8604-91EAF2E3772D}.Debug|Win32.Build.0 = Debug|Win32
		{A2A0314D-E95F-4D16-8604-91EAF2E3772D}.Debug|x64.ActiveCfg = Debug|x64
		{A2A0314D-E95F-4D16-8604-91EAF2E3772D}.Debug|x64.Build.0 = Debug|x64
		{A2A0314D-E95F-4D16-8604-91EAF2E3772D}.Release|Win32.ActiveCfg = Release|Win32
		{A2A0314D-E95F-4D16-8604-91EAF2E3772D}.Release|Win32.Build.0 = Release|Win32
		{A2A0314D-E95F-4D16-8604-91EAF2E3772D}.Release|x64.ActiveCfg = Release|x64
		{A2A0314D-E95F-4D16-8604-91EAF2E3772D}.Release|x64.Build.0 = Release|x64
		{5EBDBCB4-541A-489A-A0BD-04127399FFC9}.Debug|Win32.ActiveCfg = Debug|Win32
		{5EBDBCB4-541A-489A-A0BD-04127399FFC9}.Debug|Win32.Build.0 = Debug|Win32
		{5EBDBCB4-541A-489A-A0BD-04127399FFC9}.Debug|x64.ActiveCfg = Debug|x64
		{5EBDBCB4-541A-489A-A0BD-04127399FFC9}.Debug|x64.Build.0 = Debug|x64
		{5EBDBCB4-541A-489A-A0BD-04127399FFC9}.Release|Win32.ActiveCfg = Release|Win32
		{5EBDBCB4-541A-489A-A0BD-04127399FFC9}.Release|Win32.Build.0 = Release|Win32
		{5EBDBCB4-541A-489A-A0BD-04127399FFC9}.Release|x64.ActiveCfg = Release|x64
		{5EBDBCB4-541A-489A-A0BD-04127399FFC9}.Release|x64.Build.0 = Release|x64
		{709C530D-3803-4EF2-84F4-DAAC6A609708}.Debug|Win32.ActiveCfg = Debug|Win32
		{709C530D-3803-4EF2-84F4-DAAC6A609708}.Debug|Win32.Build.0 = Debug|Win32
		{709C530D-3803-4EF2-84F4-DAAC6A609708}.Debug|x64.ActiveCfg = Debug|x64
		{709C530D-3803-4EF2-84F4-DAAC6A609708}.Debug|x64.Build.0 = Debug|x64
		{709C530D-3803-4EF2-84F4-DAAC6A609708}.Release|Win32.ActiveCfg = Release|Win32
		{709C530D-3803-4EF2-84F4-DAAC6A609708}.Release|Win32.Build.0 = Release|Win32
		{709C530D-3803-4EF2-84F4-DAAC6A609708}.Release|x64.ActiveCfg = Release|x64
		{709C530D-3803-4EF2-84F4-DAAC6A609708}.Release|x64.Build.0 = Release|x64
		{3CA9C7D6-FC69-4D5C-B1D0-0B0A78109890}.Debug|Win32.ActiveCfg = Debug|Win32
		{3CA9C7D6-FC69-4D5C-B1D0-0B0A78109890}.Debug|Win32.Build.0 = Debug|Win32
		{3CA9C7D6-FC69-4D5C-B1D0-0B0A78109890}.Debug|x64.ActiveCfg = Debug|x64
		{3CA9C7D6-FC69-4D5C-B1D0-0B0A78109890}.Debug|x64.Build.0 = Debug|x64
		{3CA9C7D6-FC69-4D5C-B1D0-0B0A78109890}.Release|Win32.ActiveCfg = Release|Win32
		{3CA9C7D6-FC69-4D5C-B1D0-0B0A78109890}.Release|Win32.Build.0 = Release|Win32
		{3CA9C7D6-FC69-4D5C-B1D0-0B0A78109890}.Release|x64.ActiveCfg = Release|x64
		{3CA9C7D6-FC69-4D5C-B1D0-0B0A78109890}.Release|x64.Build.0 = Release|x64
		{E97CCEAD-11F1-4CEE-B52D-10D7429AE622}.Debug|Win32.ActiveCfg = Debug|Win32
		{E97CCEAD-11F1-4CEE-B52D-10D7429AE622}.Debug|Win32.Build.0 = Debug|Win32
		{E97CCEAD-11F1-4CEE-B52D-10D7429AE622}.Debug|x64.ActiveCfg = Debug|x64
		{E97CCEAD-11F1-4CEE-B52D-10D7429AE622}.Debug|x64.Build.0 = Debug|x64
		{E97CCEAD-11F1-4CEE-B52D-10D7429AE622}.Release|Win32.ActiveCfg = Release|Win32
		{E97CCEAD-11F1-4CEE-B52D-10D7429AE622}.Release|Win32.Build.0 = Release|Win32
		{E97CCEAD-11F1-4CEE-B52D-10D7429AE622}.Release|x64.ActiveCfg = Release|x64
		{E97CCEAD-11F1-4CEE-B52D-10D7429AE622}.Release|x64.Build.0 = Release|x64
		{237FFD63-8F9A-4101-B98B-0EE8162345E9}.Debug|Win32.ActiveCfg = Debug|Win32
		{237FFD63-8F9A-4101-B98B-0EE8162345E9}.Debug|Win32.Build.0 = Debug|Win32
		{237FFD63-8F9A-4101-B98B-0EE8162345E9}.Debug|x64.ActiveCfg = Debug|x64
		{237FFD63-8F9A-4101-B98B-0EE8162345E9}.Debug|x64.Build.0 = Debug|x64
		{237FFD63-8F9A-4101-B98B-0EE8162345E9}.Release|Win32.ActiveCfg = Release|Win32
		{237FFD63-8F9A-4101-B98B-0EE8162345E9}.Release|Win32.Build.0 = Release|Win32
		{237FFD63-8F9A-4101-B98B-0EE8162345E9}.Release|x64.ActiveCfg = Release|x64
		{237FFD63-8F9A-4101-B98B-0EE8162345E9}.Release|x64.Build.0 = Release|x64
		{F206F39E-C1FB-40EC-8618-54C880A12AF0}.Debug|Win32.ActiveCfg = Debug|Win32
		{F206F39E-C1FB-40EC-8618-54C880A12AF0}.Debug|Win32.Build.0 = Debug|Win32
		{F206F39E-C1FB-40EC-8618-54C880A12AF0}.Debug|x64.ActiveCfg = Debug|Win32
		{F206F39E-C1FB-40EC-8618-54C880A12AF0}.Release|Win32.ActiveCfg = Release|Win32
		{F206F39E-C1FB-40EC-8618-54C880A12AF0}.Release|Win32.Build.0 = Release|Win32
		{F206F39E-C1FB-40EC-8618-54C880A12AF0}.Release|x64.ActiveCfg = Release|Win32
		{C27D3EB8-043D-45BF-9DC7-783885DAB75A}.Debug|Win32.ActiveCfg = Debug|Win32
		{C27D3EB8-043D-45BF-9DC7-783885DAB75A}.Debug|Win32.Build.0 = Debug|Win32
		{C27D3EB8-043D-45BF-9DC7-783885DAB75A}.Debug|x64.ActiveCfg = Debug|Win32
		{C27D3EB8-043D-45BF-9DC7-783885DAB75A}.Release|Win32.ActiveCfg = Release|Win32
		{C27D3EB8-043D-45BF-9DC7-783885DAB75A}.Release|Win32.Build.0 = Release|Win32
		{C27D3EB8-043D-45BF-9DC7-783885DAB75A}.Release|x64.ActiveCfg = Release|Win32
		{46C3E9C4-5C5F-40F0-8DC3-FEDD0D3D6A1D}.Debug|Win32.ActiveCfg = Debug|Win32
		{46C3E9C4-5C5F-40F0-8DC3-FEDD0D3D6A1D}.Debug|Win32.Build.0 = Debug|Win32
		{46C3E9C4-5C5F-40F0-8DC3-FEDD0D3D6A1D}.Debug|x64.ActiveCfg = Debug|Win32
		{46C3E9C4-5C5F-40F0-8DC3-FEDD0D3D6A1D}.Release|Win32.ActiveCfg = Release|Win32
		{46C3E9C4-5C5F-40F0-8DC3-FEDD0D3D6A1D}.Release|Win32.Build.0 = Release|Win32
		{46C3E9C4-5C5F-40F0-8DC3-FEDD0D3D6A1D}.Release|x64.ActiveCfg = Release|Win32
		{51C15B0E-DD34-4EBC-A7A7-77071EBF5BBE}.Debug|Win32.ActiveCfg = Debug|Win32
		{51C15B0E-DD34-4EBC-A7A7-77071EBF5BBE}.Debug|Win32.Build.0 = Debug|Win32
		{51C15B0E-DD34-4EBC-A7A7-77071EBF5BBE}.Debug|x64.ActiveCfg = Debug|Win32
		{51C15B0E-DD34-4EBC-A7A7-77071EBF5BBE}.Release|Win32.ActiveCfg = Release|Win32
		{51C15B0E-DD34-4EBC-A7A7-77071EBF5BBE}.Release|Win32.Build.0 = Release|Win32
		{51C15B0E-DD34-4EBC-A7A7-77071EBF5BBE}.Release|x64.ActiveCfg = Release|Win32
		{8963EB1B-97D5-47C0-BF00-8F9B828B3139}.Debug|Win32.ActiveCfg = Debug|Win32
		{8963EB1B-97D5-47C0-BF00-8F9B828B3139}.Debug|Win32.Build.0 = Debug|Win32
		{8963EB1B-97D5-47C0-BF00-8F9B828B3139}.Debug|x64.ActiveCfg = Debug|x64
		{8963EB1B-97D5-47C0-BF00-8F9B828B3139}.Debug|x64.Build.0 = Debug|x64
		{8963EB1B-97D5-47C0-BF00-8F9B828B3139}.Release|Win32.ActiveCfg = Release|Win32
		{8963EB1B-97D5-47C0-BF00-8F9B828B3139}.Release|Win32.Build.0 = Release|Win32
		{8963EB1B-97D5-47C0-BF00-8F9B828B3139}.Release|x64.ActiveCfg = Release|x64
		{8963EB1B-97D5-47C0-BF00-8F9B828B3139}.Release|x64.Build.0 = Release|x64
		{E5B50A75-57BB-41E4-8BBD-B2D58D80155C}.Debug|Win32.ActiveCfg = Debug|Win32
		{E5B50A75-57BB-41E4-8BBD-B2D58D80155C}.Debug|Win32.Build.0 = Debug|Win32
		{E5B50A75-57BB-41E4-8BBD-B2D58D80155C}.Debug|x64.ActiveCfg = Debug|x64
		{E5B50A75-57BB-41E4-8BBD-B2D58D80155C}.Debug|x64.Build.0 = Debug|x64
		{E5B50A75-57BB-41E4-8BBD-B2D58D80155C}.Release|Win32.ActiveCfg = Release|Win32
		{E5B50A75-57BB-41E4-8BBD-B2D58D80155C}.Release|Win32.Build.0 = Release|Win32
		{E5B50A75-57BB-41E4-8BBD-B2D58D80155C}.Release|x64.ActiveCfg = Release|x64
		{E5B50A75-57BB-41E4-8BBD-B2D58D80155C}.Release|x64.Build.0 = Release|x64
	EndGlobalSection
	GlobalSection(SolutionProperties) = preSolution
		HideSolutionNode = FALSE
	EndGlobalSection
	GlobalSection(NestedProjects) = preSolution
		{5370265F-0888-4C89-BB23-359C88622F6F} = {98D79F5F-618F-486A-BE9F-D13CE248AAC8}
		{9FAE685A-9F5C-4886-9715-F3E27772E2AD} = {98D79F5F-618F-486A-BE9F-D13CE248AAC8}
		{CDA4B1D0-4472-472C-8B83-01FA5A4703A4} = {98D79F5F-618F-486A-BE9F-D13CE248AAC8}
		{18FD3C60-9B95-41EC-996E-56E9CE269FBF} = {98D79F5F-618F-486A-BE9F-D13CE248AAC8}
		{257042E5-7222-4978-8CDE-8A51B527C000} = {98D79F5F-618F-486A-BE9F-D13CE248AAC8}
		{7C71BC68-3261-45F7-8A28-B480603195C4} = {98D79F5F-618F-486A-BE9F-D13CE248AAC8}
		{7CF1BF89-082B-4C60-8929-60F8C3266139} = {98D79F5F-618F-486A-BE9F-D13CE248AAC8}
		{BB90B226-9FC2-43EA-B837-56F2703A3D52} = {98D79F5F-618F-486A-BE9F-D13CE248AAC8}
		{A2A0314D-E95F-4D16-8604-91EAF2E3772D} = {98D79F5F-618F-486A-BE9F-D13CE248AAC8}
		{5EBDBCB4-541A-489A-A0BD-04127399FFC9} = {98D79F5F-618F-486A-BE9F-D13CE248AAC8}
		{709C530D-3803-4EF2-84F4-DAAC6A609708} = {98D79F5F-618F-486A-BE9F-D13CE248AAC8}
		{697DB7F7-1C90-4F75-B3D9-727A78A7CCB0} = {98D79F5F-618F-486A-BE9F-D13CE248AAC8}
		{3CA9C7D6-FC69-4D5C-B1D0-0B0A78109890} = {98D79F5F-618F-486A-BE9F-D13CE248AAC8}
		{E97CCEAD-11F1-4CEE-B52D-10D7429AE622} = {98D79F5F-618F-486A-BE9F-D13CE248AAC8}
		{F206F39E-C1FB-40EC-8618-54C880A12AF0} = {CF23D52F-898F-40F4-BCE0-19ABEC64084C}
		{C27D3EB8-043D-45BF-9DC7-783885DAB75A} = {CF23D52F-898F-40F4-BCE0-19ABEC64084C}
		{46C3E9C4-5C5F-40F0-8DC3-FEDD0D3D6A1D} = {CF23D52F-898F-40F4-BCE0-19ABEC64084C}
		{51C15B0E-DD34-4EBC-A7A7-77071EBF5BBE} = {CF23D52F-898F-40F4-BCE0-19ABEC64084C}
	EndGlobalSection
EndGlobal
