Microsoft Visual Studio Solution File, Format Version 9.00
# Visual Studio 2005
Project("{8BC9CEB8-8B4A-11D0-8D11-00A0C91BC942}") = "exodus_cli", "cli\src\exodus_cli.vcproj", "{697DB7F7-1C90-4F75-B3D9-727A78A7CCB0}"
EndProject
Project("{8BC9CEB8-8B4A-11D0-8D11-00A0C91BC942}") = "pgexodus", "exodus\pgexodus\src\pgexodus.vcproj", "{E5B50A75-57BB-41E4-8BBD-B2D58D80155C}"
EndProject
Project("{8BC9CEB8-8B4A-11D0-8D11-00A0C91BC942}") = "exodus", "exodus\exodus\exodus\exodus.vcproj", "{8963EB1B-97D5-47C0-BF00-8F9B828B3139}"
EndProject
Project("{8BC9CEB8-8B4A-11D0-8D11-00A0C91BC942}") = "compile", "cli\src\compile.vcproj", "{5370265F-0888-4C89-BB23-359C88622F6F}"
EndProject
Project("{8BC9CEB8-8B4A-11D0-8D11-00A0C91BC942}") = "createfile", "cli\src\createfile.vcproj", "{9FAE685A-9F5C-4886-9715-F3E27772E2AD}"
EndProject
Project("{8BC9CEB8-8B4A-11D0-8D11-00A0C91BC942}") = "createindex", "cli\src\createindex.vcproj", "{CDA4B1D0-4472-472C-8B83-01FA5A4703A4}"
EndProject
Project("{8BC9CEB8-8B4A-11D0-8D11-00A0C91BC942}") = "delete", "cli\src\delete.vcproj", "{18FD3C60-9B95-41EC-996E-56E9CE269FBF}"
EndProject
Project("{8BC9CEB8-8B4A-11D0-8D11-00A0C91BC942}") = "deletefile", "cli\src\deletefile.vcproj", "{257042E5-7222-4978-8CDE-8A51B527C000}"
EndProject
Project("{8BC9CEB8-8B4A-11D0-8D11-00A0C91BC942}") = "deleteindex", "cli\src\deleteindex.vcproj", "{7C71BC68-3261-45F7-8A28-B480603195C4}"
EndProject
Project("{8BC9CEB8-8B4A-11D0-8D11-00A0C91BC942}") = "edic", "cli\src\edic.vcproj", "{7CF1BF89-082B-4C60-8929-60F8C3266139}"
EndProject
Project("{8BC9CEB8-8B4A-11D0-8D11-00A0C91BC942}") = "list", "cli\src\list.vcproj", "{BB90B226-9FC2-43EA-B837-56F2703A3D52}"
EndProject
Project("{8BC9CEB8-8B4A-11D0-8D11-00A0C91BC942}") = "listfiles", "cli\src\listfiles.vcproj", "{A2A0314D-E95F-4D16-8604-91EAF2E3772D}"
EndProject
Project("{8BC9CEB8-8B4A-11D0-8D11-00A0C91BC942}") = "listindexes", "cli\src\listindexes.vcproj", "{5EBDBCB4-541A-489A-A0BD-04127399FFC9}"
EndProject
Project("{8BC9CEB8-8B4A-11D0-8D11-00A0C91BC942}") = "testsort", "cli\src\testsort.vcproj", "{709C530D-3803-4EF2-84F4-DAAC6A609708}"
EndProject
Project("{2150E333-8FDC-42A3-9474-1A3956D46DE8}") = "cli", "cli", "{98D79F5F-618F-486A-BE9F-D13CE248AAC8}"
EndProject
Global
	GlobalSection(SolutionConfigurationPlatforms) = preSolution
		Debug|Win32 = Debug|Win32
		Release|Win32 = Release|Win32
	EndGlobalSection
	GlobalSection(ProjectConfigurationPlatforms) = postSolution
		{697DB7F7-1C90-4F75-B3D9-727A78A7CCB0}.Debug|Win32.ActiveCfg = Debug|Win32
		{697DB7F7-1C90-4F75-B3D9-727A78A7CCB0}.Debug|Win32.Build.0 = Debug|Win32
		{697DB7F7-1C90-4F75-B3D9-727A78A7CCB0}.Release|Win32.ActiveCfg = Release|Win32
		{697DB7F7-1C90-4F75-B3D9-727A78A7CCB0}.Release|Win32.Build.0 = Release|Win32
		{E5B50A75-57BB-41E4-8BBD-B2D58D80155C}.Debug|Win32.ActiveCfg = Debug|Win32
		{E5B50A75-57BB-41E4-8BBD-B2D58D80155C}.Debug|Win32.Build.0 = Debug|Win32
		{E5B50A75-57BB-41E4-8BBD-B2D58D80155C}.Release|Win32.ActiveCfg = Release|Win32
		{E5B50A75-57BB-41E4-8BBD-B2D58D80155C}.Release|Win32.Build.0 = Release|Win32
		{8963EB1B-97D5-47C0-BF00-8F9B828B3139}.Debug|Win32.ActiveCfg = Debug|Win32
		{8963EB1B-97D5-47C0-BF00-8F9B828B3139}.Debug|Win32.Build.0 = Debug|Win32
		{8963EB1B-97D5-47C0-BF00-8F9B828B3139}.Release|Win32.ActiveCfg = Release|Win32
		{8963EB1B-97D5-47C0-BF00-8F9B828B3139}.Release|Win32.Build.0 = Release|Win32
		{5370265F-0888-4C89-BB23-359C88622F6F}.Debug|Win32.ActiveCfg = Debug|Win32
		{5370265F-0888-4C89-BB23-359C88622F6F}.Debug|Win32.Build.0 = Debug|Win32
		{5370265F-0888-4C89-BB23-359C88622F6F}.Release|Win32.ActiveCfg = Release|Win32
		{5370265F-0888-4C89-BB23-359C88622F6F}.Release|Win32.Build.0 = Release|Win32
		{9FAE685A-9F5C-4886-9715-F3E27772E2AD}.Debug|Win32.ActiveCfg = Debug|Win32
		{9FAE685A-9F5C-4886-9715-F3E27772E2AD}.Debug|Win32.Build.0 = Debug|Win32
		{9FAE685A-9F5C-4886-9715-F3E27772E2AD}.Release|Win32.ActiveCfg = Release|Win32
		{9FAE685A-9F5C-4886-9715-F3E27772E2AD}.Release|Win32.Build.0 = Release|Win32
		{CDA4B1D0-4472-472C-8B83-01FA5A4703A4}.Debug|Win32.ActiveCfg = Debug|Win32
		{CDA4B1D0-4472-472C-8B83-01FA5A4703A4}.Debug|Win32.Build.0 = Debug|Win32
		{CDA4B1D0-4472-472C-8B83-01FA5A4703A4}.Release|Win32.ActiveCfg = Release|Win32
		{CDA4B1D0-4472-472C-8B83-01FA5A4703A4}.Release|Win32.Build.0 = Release|Win32
		{18FD3C60-9B95-41EC-996E-56E9CE269FBF}.Debug|Win32.ActiveCfg = Debug|Win32
		{18FD3C60-9B95-41EC-996E-56E9CE269FBF}.Debug|Win32.Build.0 = Debug|Win32
		{18FD3C60-9B95-41EC-996E-56E9CE269FBF}.Release|Win32.ActiveCfg = Release|Win32
		{18FD3C60-9B95-41EC-996E-56E9CE269FBF}.Release|Win32.Build.0 = Release|Win32
		{257042E5-7222-4978-8CDE-8A51B527C000}.Debug|Win32.ActiveCfg = Debug|Win32
		{257042E5-7222-4978-8CDE-8A51B527C000}.Debug|Win32.Build.0 = Debug|Win32
		{257042E5-7222-4978-8CDE-8A51B527C000}.Release|Win32.ActiveCfg = Release|Win32
		{257042E5-7222-4978-8CDE-8A51B527C000}.Release|Win32.Build.0 = Release|Win32
		{7C71BC68-3261-45F7-8A28-B480603195C4}.Debug|Win32.ActiveCfg = Debug|Win32
		{7C71BC68-3261-45F7-8A28-B480603195C4}.Debug|Win32.Build.0 = Debug|Win32
		{7C71BC68-3261-45F7-8A28-B480603195C4}.Release|Win32.ActiveCfg = Release|Win32
		{7C71BC68-3261-45F7-8A28-B480603195C4}.Release|Win32.Build.0 = Release|Win32
		{7CF1BF89-082B-4C60-8929-60F8C3266139}.Debug|Win32.ActiveCfg = Debug|Win32
		{7CF1BF89-082B-4C60-8929-60F8C3266139}.Debug|Win32.Build.0 = Debug|Win32
		{7CF1BF89-082B-4C60-8929-60F8C3266139}.Release|Win32.ActiveCfg = Release|Win32
		{7CF1BF89-082B-4C60-8929-60F8C3266139}.Release|Win32.Build.0 = Release|Win32
		{BB90B226-9FC2-43EA-B837-56F2703A3D52}.Debug|Win32.ActiveCfg = Debug|Win32
		{BB90B226-9FC2-43EA-B837-56F2703A3D52}.Debug|Win32.Build.0 = Debug|Win32
		{BB90B226-9FC2-43EA-B837-56F2703A3D52}.Release|Win32.ActiveCfg = Release|Win32
		{BB90B226-9FC2-43EA-B837-56F2703A3D52}.Release|Win32.Build.0 = Release|Win32
		{A2A0314D-E95F-4D16-8604-91EAF2E3772D}.Debug|Win32.ActiveCfg = Debug|Win32
		{A2A0314D-E95F-4D16-8604-91EAF2E3772D}.Debug|Win32.Build.0 = Debug|Win32
		{A2A0314D-E95F-4D16-8604-91EAF2E3772D}.Release|Win32.ActiveCfg = Release|Win32
		{A2A0314D-E95F-4D16-8604-91EAF2E3772D}.Release|Win32.Build.0 = Release|Win32
		{5EBDBCB4-541A-489A-A0BD-04127399FFC9}.Debug|Win32.ActiveCfg = Debug|Win32
		{5EBDBCB4-541A-489A-A0BD-04127399FFC9}.Debug|Win32.Build.0 = Debug|Win32
		{5EBDBCB4-541A-489A-A0BD-04127399FFC9}.Release|Win32.ActiveCfg = Release|Win32
		{5EBDBCB4-541A-489A-A0BD-04127399FFC9}.Release|Win32.Build.0 = Release|Win32
		{709C530D-3803-4EF2-84F4-DAAC6A609708}.Debug|Win32.ActiveCfg = Debug|Win32
		{709C530D-3803-4EF2-84F4-DAAC6A609708}.Debug|Win32.Build.0 = Debug|Win32
		{709C530D-3803-4EF2-84F4-DAAC6A609708}.Release|Win32.ActiveCfg = Release|Win32
		{709C530D-3803-4EF2-84F4-DAAC6A609708}.Release|Win32.Build.0 = Release|Win32
	EndGlobalSection
	GlobalSection(SolutionProperties) = preSolution
		HideSolutionNode = FALSE
	EndGlobalSection
	GlobalSection(NestedProjects) = preSolution
		{5370265F-0888-4C89-BB23-359C88622F6F} = {98D79F5F-618F-486A-BE9F-D13CE248AAC8}
		{9FAE685A-9F5C-4886-9715-F3E27772E2AD} = {98D79F5F-618F-486A-BE9F-D13CE248AAC8}
		{CDA4B1D0-4472-472C-8B83-01FA5A4703A4} = {98D79F5F-618F-486A-BE9F-D13CE248AAC8}
		{18FD3C60-9B95-41EC-996E-56E9CE269FBF} = {98D79F5F-618F-486A-BE9F-D13CE248AAC8}
		{257042E5-7222-4978-8CDE-8A51B527C000} = {98D79F5F-618F-486A-BE9F-D13CE248AAC8}
		{7C71BC68-3261-45F7-8A28-B480603195C4} = {98D79F5F-618F-486A-BE9F-D13CE248AAC8}
		{7CF1BF89-082B-4C60-8929-60F8C3266139} = {98D79F5F-618F-486A-BE9F-D13CE248AAC8}
		{BB90B226-9FC2-43EA-B837-56F2703A3D52} = {98D79F5F-618F-486A-BE9F-D13CE248AAC8}
		{A2A0314D-E95F-4D16-8604-91EAF2E3772D} = {98D79F5F-618F-486A-BE9F-D13CE248AAC8}
		{5EBDBCB4-541A-489A-A0BD-04127399FFC9} = {98D79F5F-618F-486A-BE9F-D13CE248AAC8}
		{709C530D-3803-4EF2-84F4-DAAC6A609708} = {98D79F5F-618F-486A-BE9F-D13CE248AAC8}
	EndGlobalSection
EndGlobal
